
Microsoft Visual Studio Solution File, Format Version 12.00
# Visual Studio Version 17
VisualStudioVersion = 17.14.36301.6
MinimumVisualStudioVersion = 10.0.40219.1
Project("{FAE04EC0-301F-11D3-BF4B-00C04F79EFBC}") = "Bridgeline.Automation.Api", "Bridgeline.Automation.Api\Bridgeline.Automation.Api.csproj", "{6984F457-5A23-4359-AA87-91CEE4CCDB96}"
EndProject
Project("{FAE04EC0-301F-11D3-BF4B-00C04F79EFBC}") = "Bridgeline.Automation.Domain", "Bridgeline.Automation.Domain\Bridgeline.Automation.Domain.csproj", "{E31CAE3E-9324-49BF-BAA2-860D673CBFF7}"
EndProject
Project("{FAE04EC0-301F-11D3-BF4B-00C04F79EFBC}") = "Bridgeline.Automation.Application", "Bridgeline.Automation.Application\Bridgeline.Automation.Application.csproj", "{9A695952-2AFD-4AE7-A71F-088930718387}"
EndProject
Project("{FAE04EC0-301F-11D3-BF4B-00C04F79EFBC}") = "Bridgeline.Automation.Infraestructure", "Bridgeline.Automation.Infraestructure\Bridgeline.Automation.Infraestructure.csproj", "{0C0DCEB0-64B3-43F5-95DD-F2C294B9C94E}"
EndProject
Global
	GlobalSection(SolutionConfigurationPlatforms) = preSolution
		Debug|Any CPU = Debug|Any CPU
		Release|Any CPU = Release|Any CPU
	EndGlobalSection
	GlobalSection(ProjectConfigurationPlatforms) = postSolution
		{6984F457-5A23-4359-AA87-91CEE4CCDB96}.Debug|Any CPU.ActiveCfg = Debug|Any CPU
		{6984F457-5A23-4359-AA87-91CEE4CCDB96}.Debug|Any CPU.Build.0 = Debug|Any CPU
		{6984F457-5A23-4359-AA87-91CEE4CCDB96}.Release|Any CPU.ActiveCfg = Release|Any CPU
		{6984F457-5A23-4359-AA87-91CEE4CCDB96}.Release|Any CPU.Build.0 = Release|Any CPU
		{E31CAE3E-9324-49BF-BAA2-860D673CBFF7}.Debug|Any CPU.ActiveCfg = Debug|Any CPU
		{E31CAE3E-9324-49BF-BAA2-860D673CBFF7}.Debug|Any CPU.Build.0 = Debug|Any CPU
		{E31CAE3E-9324-49BF-BAA2-860D673CBFF7}.Release|Any CPU.ActiveCfg = Release|Any CPU
		{E31CAE3E-9324-49BF-BAA2-860D673CBFF7}.Release|Any CPU.Build.0 = Release|Any CPU
		{9A695952-2AFD-4AE7-A71F-088930718387}.Debug|Any CPU.ActiveCfg = Debug|Any CPU
		{9A695952-2AFD-4AE7-A71F-088930718387}.Debug|Any CPU.Build.0 = Debug|Any CPU
		{9A695952-2AFD-4AE7-A71F-088930718387}.Release|Any CPU.ActiveCfg = Release|Any CPU
		{9A695952-2AFD-4AE7-A71F-088930718387}.Release|Any CPU.Build.0 = Release|Any CPU
		{0C0DCEB0-64B3-43F5-95DD-F2C294B9C94E}.Debug|Any CPU.ActiveCfg = Debug|Any CPU
		{0C0DCEB0-64B3-43F5-95DD-F2C294B9C94E}.Debug|Any CPU.Build.0 = Debug|Any CPU
		{0C0DCEB0-64B3-43F5-95DD-F2C294B9C94E}.Release|Any CPU.ActiveCfg = Release|Any CPU
		{0C0DCEB0-64B3-43F5-95DD-F2C294B9C94E}.Release|Any CPU.Build.0 = Release|Any CPU
	EndGlobalSection
	GlobalSection(SolutionProperties) = preSolution
		HideSolutionNode = FALSE
	EndGlobalSection
	GlobalSection(ExtensibilityGlobals) = postSolution
		SolutionGuid = {F9DA7E1E-FE53-4C00-9C6B-1BBBE1098763}
	EndGlobalSection
EndGlobal
